
Microsoft Visual Studio Solution File, Format Version 12.00
# Visual Studio 15
VisualStudioVersion = 15.0.28307.645
MinimumVisualStudioVersion = 10.0.40219.1
Project("{FAE04EC0-301F-11D3-BF4B-00C04F79EFBC}") = "WPFdb", "WPFdb\WPFdb.csproj", "{A48D4C81-BB44-4E93-B972-6A648555F39B}"
EndProject
Project("{2150E333-8FDC-42A3-9474-1A3956D46DE8}") = "General", "General", "{EF8B8D20-92B4-498C-B95B-A762DBB75E09}"
	ProjectSection(SolutionItems) = preProject
		WPFdb\dbConnection.cs = WPFdb\dbConnection.cs
		WPFdb\UniversalFunctions.cs = WPFdb\UniversalFunctions.cs
	EndProjectSection
EndProject
Project("{2150E333-8FDC-42A3-9474-1A3956D46DE8}") = "Services", "Services", "{F1995A9C-0F7D-4EFB-8A20-B10B14F8FE6F}"
	ProjectSection(SolutionItems) = preProject
		WPFdb\SerivceAdmin.cs = WPFdb\SerivceAdmin.cs
		WPFdb\ServiceCustomer.cs = WPFdb\ServiceCustomer.cs
		WPFdb\ServiceOrders.cs = WPFdb\ServiceOrders.cs
		WPFdb\ServiceProducts.cs = WPFdb\ServiceProducts.cs
		WPFdb\ServiceSupplier.cs = WPFdb\ServiceSupplier.cs
	EndProjectSection
EndProject
Project("{2150E333-8FDC-42A3-9474-1A3956D46DE8}") = "Windows", "Windows", "{BD7D528D-514E-44F8-B379-28FAD7DE795B}"
	ProjectSection(SolutionItems) = preProject
		WPFdb\MainWindow.xaml.cs = WPFdb\MainWindow.xaml.cs
	EndProjectSection
EndProject
Project("{2150E333-8FDC-42A3-9474-1A3956D46DE8}") = "Admin", "Admin", "{427A08EC-A401-4758-AE19-E59D8BE51341}"
	ProjectSection(SolutionItems) = preProject
		WPFdb\AdminHistoryWindow.xaml.cs = WPFdb\AdminHistoryWindow.xaml.cs
		WPFdb\AdminLogInWindow.xaml.cs = WPFdb\AdminLogInWindow.xaml.cs
		WPFdb\AdminOrdersWindow.xaml.cs = WPFdb\AdminOrdersWindow.xaml.cs
		WPFdb\AdminProductsWindow.xaml.cs = WPFdb\AdminProductsWindow.xaml.cs
		WPFdb\DiscountsWindow.xaml.cs = WPFdb\DiscountsWindow.xaml.cs
		WPFdb\SupplierWindow.xaml.cs = WPFdb\SupplierWindow.xaml.cs
	EndProjectSection
EndProject
Project("{2150E333-8FDC-42A3-9474-1A3956D46DE8}") = "UI", "UI", "{D1177028-5FED-4DDA-B396-8C9C3E6CB7D3}"
	ProjectSection(SolutionItems) = preProject
		WPFdb\AdminHistoryWindow.xaml = WPFdb\AdminHistoryWindow.xaml
		WPFdb\AdminLogInWindow.xaml = WPFdb\AdminLogInWindow.xaml
		WPFdb\AdminOrdersWindow.xaml = WPFdb\AdminOrdersWindow.xaml
		WPFdb\AdminProductsWindow.xaml = WPFdb\AdminProductsWindow.xaml
		WPFdb\DiscountsWindow.xaml = WPFdb\DiscountsWindow.xaml
		WPFdb\SupplierWindow.xaml = WPFdb\SupplierWindow.xaml
	EndProjectSection
EndProject
Project("{2150E333-8FDC-42A3-9474-1A3956D46DE8}") = "Customer", "Customer", "{E943D63A-C902-4BD2-85DA-A73D317CFE27}"
	ProjectSection(SolutionItems) = preProject
		WPFdb\CustomerLogInMenue.xaml.cs = WPFdb\CustomerLogInMenue.xaml.cs
		WPFdb\CustomerRegisterWindow.xaml.cs = WPFdb\CustomerRegisterWindow.xaml.cs
		WPFdb\CustomerWindow.xaml.cs = WPFdb\CustomerWindow.xaml.cs
	EndProjectSection
EndProject
Project("{2150E333-8FDC-42A3-9474-1A3956D46DE8}") = "UI", "UI", "{2ABABD68-EC7E-4660-B7E0-2FBF9ABE81B3}"
	ProjectSection(SolutionItems) = preProject
		WPFdb\CustomerLogInMenue.xaml = WPFdb\CustomerLogInMenue.xaml
		WPFdb\CustomerRegisterWindow.xaml = WPFdb\CustomerRegisterWindow.xaml
		WPFdb\CustomerWindow.xaml = WPFdb\CustomerWindow.xaml
	EndProjectSection
EndProject
Global
	GlobalSection(SolutionConfigurationPlatforms) = preSolution
		Debug|Any CPU = Debug|Any CPU
		Release|Any CPU = Release|Any CPU
	EndGlobalSection
	GlobalSection(ProjectConfigurationPlatforms) = postSolution
		{A48D4C81-BB44-4E93-B972-6A648555F39B}.Debug|Any CPU.ActiveCfg = Debug|Any CPU
		{A48D4C81-BB44-4E93-B972-6A648555F39B}.Debug|Any CPU.Build.0 = Debug|Any CPU
		{A48D4C81-BB44-4E93-B972-6A648555F39B}.Release|Any CPU.ActiveCfg = Release|Any CPU
		{A48D4C81-BB44-4E93-B972-6A648555F39B}.Release|Any CPU.Build.0 = Release|Any CPU
	EndGlobalSection
	GlobalSection(SolutionProperties) = preSolution
		HideSolutionNode = FALSE
	EndGlobalSection
	GlobalSection(NestedProjects) = preSolution
		{427A08EC-A401-4758-AE19-E59D8BE51341} = {BD7D528D-514E-44F8-B379-28FAD7DE795B}
		{D1177028-5FED-4DDA-B396-8C9C3E6CB7D3} = {427A08EC-A401-4758-AE19-E59D8BE51341}
		{E943D63A-C902-4BD2-85DA-A73D317CFE27} = {BD7D528D-514E-44F8-B379-28FAD7DE795B}
		{2ABABD68-EC7E-4660-B7E0-2FBF9ABE81B3} = {E943D63A-C902-4BD2-85DA-A73D317CFE27}
	EndGlobalSection
	GlobalSection(ExtensibilityGlobals) = postSolution
		SolutionGuid = {571CC1B5-33DC-4604-BAC1-5836F11905DE}
	EndGlobalSection
EndGlobal
